
Microsoft Visual Studio Solution File, Format Version 12.00
# Visual Studio 15
VisualStudioVersion = 15.0.27703.2026
MinimumVisualStudioVersion = 10.0.40219.1
Project("{FAE04EC0-301F-11D3-BF4B-00C04F79EFBC}") = "Conversiones", "Conversiones\Conversiones.csproj", "{F89147B9-8051-4A16-9791-180A9A21781D}"
EndProject
Global
	GlobalSection(SolutionConfigurationPlatforms) = preSolution
		Debug|Any CPU = Debug|Any CPU
		Release|Any CPU = Release|Any CPU
	EndGlobalSection
	GlobalSection(ProjectConfigurationPlatforms) = postSolution
		{F89147B9-8051-4A16-9791-180A9A21781D}.Debug|Any CPU.ActiveCfg = Debug|Any CPU
		{F89147B9-8051-4A16-9791-180A9A21781D}.Debug|Any CPU.Build.0 = Debug|Any CPU
		{F89147B9-8051-4A16-9791-180A9A21781D}.Release|Any CPU.ActiveCfg = Release|Any CPU
		{F89147B9-8051-4A16-9791-180A9A21781D}.Release|Any CPU.Build.0 = Release|Any CPU
	EndGlobalSection
	GlobalSection(SolutionProperties) = preSolution
		HideSolutionNode = FALSE
	EndGlobalSection
	GlobalSection(ExtensibilityGlobals) = postSolution
		SolutionGuid = {F82B1CAA-9B96-4854-A659-B42140587033}
	EndGlobalSection
EndGlobal
